// !$*UTF8*$!
{
	archiveVersion = 1;
	classes = {
	};
	objectVersion = 50;
	objects = {

/* Begin PBXBuildFile section */
		212AD15521986AE200CA33E8 /* AppDelegate.swift in Sources */ = {isa = PBXBuildFile; fileRef = 212AD15421986AE200CA33E8 /* AppDelegate.swift */; };
		212AD15721986AE200CA33E8 /* ViewController.swift in Sources */ = {isa = PBXBuildFile; fileRef = 212AD15621986AE200CA33E8 /* ViewController.swift */; };
		212AD15A21986AE200CA33E8 /* Main.storyboard in Resources */ = {isa = PBXBuildFile; fileRef = 212AD15821986AE200CA33E8 /* Main.storyboard */; };
		212AD15C21986AE400CA33E8 /* Assets.xcassets in Resources */ = {isa = PBXBuildFile; fileRef = 212AD15B21986AE400CA33E8 /* Assets.xcassets */; };
		212AD15F21986AE400CA33E8 /* LaunchScreen.storyboard in Resources */ = {isa = PBXBuildFile; fileRef = 212AD15D21986AE400CA33E8 /* LaunchScreen.storyboard */; };
		21E5B40A219882320082F851 /* HeaderView.swift in Sources */ = {isa = PBXBuildFile; fileRef = 21E5B408219882320082F851 /* HeaderView.swift */; };
		21E5B40B219882320082F851 /* HeaderView.xib in Resources */ = {isa = PBXBuildFile; fileRef = 21E5B409219882320082F851 /* HeaderView.xib */; };
/* End PBXBuildFile section */

/* Begin PBXFileReference section */
		212AD15121986AE200CA33E8 /* TableViewWithSections.app */ = {isa = PBXFileReference; explicitFileType = wrapper.application; includeInIndex = 0; path = TableViewWithSections.app; sourceTree = BUILT_PRODUCTS_DIR; };
		212AD15421986AE200CA33E8 /* AppDelegate.swift */ = {isa = PBXFileReference; lastKnownFileType = sourcecode.swift; path = AppDelegate.swift; sourceTree = "<group>"; };
		212AD15621986AE200CA33E8 /* ViewController.swift */ = {isa = PBXFileReference; lastKnownFileType = sourcecode.swift; path = ViewController.swift; sourceTree = "<group>"; };
		212AD15921986AE200CA33E8 /* Base */ = {isa = PBXFileReference; lastKnownFileType = file.storyboard; name = Base; path = Base.lproj/Main.storyboard; sourceTree = "<group>"; };
		212AD15B21986AE400CA33E8 /* Assets.xcassets */ = {isa = PBXFileReference; lastKnownFileType = folder.assetcatalog; path = Assets.xcassets; sourceTree = "<group>"; };
		212AD15E21986AE400CA33E8 /* Base */ = {isa = PBXFileReference; lastKnownFileType = file.storyboard; name = Base; path = Base.lproj/LaunchScreen.storyboard; sourceTree = "<group>"; };
		212AD16021986AE400CA33E8 /* Info.plist */ = {isa = PBXFileReference; lastKnownFileType = text.plist.xml; path = Info.plist; sourceTree = "<group>"; };
		21E5B408219882320082F851 /* HeaderView.swift */ = {isa = PBXFileReference; lastKnownFileType = sourcecode.swift; path = HeaderView.swift; sourceTree = "<group>"; };
		21E5B409219882320082F851 /* HeaderView.xib */ = {isa = PBXFileReference; lastKnownFileType = file.xib; path = HeaderView.xib; sourceTree = "<group>"; };
/* End PBXFileReference section */

/* Begin PBXFrameworksBuildPhase section */
		212AD14E21986AE200CA33E8 /* Frameworks */ = {
			isa = PBXFrameworksBuildPhase;
			buildActionMask = 2147483647;
			files = (
			);
			runOnlyForDeploymentPostprocessing = 0;
		};
/* End PBXFrameworksBuildPhase section */

/* Begin PBXGroup section */
		212AD14821986AE200CA33E8 = {
			isa = PBXGroup;
			children = (
				212AD15321986AE200CA33E8 /* TableViewWithSections */,
				212AD15221986AE200CA33E8 /* Products */,
			);
			sourceTree = "<group>";
		};
		212AD15221986AE200CA33E8 /* Products */ = {
			isa = PBXGroup;
			children = (
				212AD15121986AE200CA33E8 /* TableViewWithSections.app */,
			);
			name = Products;
			sourceTree = "<group>";
		};
		212AD15321986AE200CA33E8 /* TableViewWithSections */ = {
			isa = PBXGroup;
			children = (
				212AD15421986AE200CA33E8 /* AppDelegate.swift */,
				212AD15621986AE200CA33E8 /* ViewController.swift */,
				21E5B408219882320082F851 /* HeaderView.swift */,
				21E5B409219882320082F851 /* HeaderView.xib */,
				212AD15821986AE200CA33E8 /* Main.storyboard */,
				212AD15B21986AE400CA33E8 /* Assets.xcassets */,
				212AD15D21986AE400CA33E8 /* LaunchScreen.storyboard */,
				212AD16021986AE400CA33E8 /* Info.plist */,
			);
			path = TableViewWithSections;
			sourceTree = "<group>";
		};
/* End PBXGroup section */

/* Begin PBXNativeTarget section */
		212AD15021986AE200CA33E8 /* TableViewWithSections */ = {
			isa = PBXNativeTarget;
			buildConfigurationList = 212AD16321986AE400CA33E8 /* Build configuration list for PBXNativeTarget "TableViewWithSections" */;
			buildPhases = (
				212AD14D21986AE200CA33E8 /* Sources */,
				212AD14E21986AE200CA33E8 /* Frameworks */,
				212AD14F21986AE200CA33E8 /* Resources */,
			);
			buildRules = (
			);
			dependencies = (
			);
			name = TableViewWithSections;
			productName = TableViewWithSections;
			productReference = 212AD15121986AE200CA33E8 /* TableViewWithSections.app */;
			productType = "com.apple.product-type.application";
		};
/* End PBXNativeTarget section */

/* Begin PBXProject section */
		212AD14921986AE200CA33E8 /* Project object */ = {
			isa = PBXProject;
			attributes = {
				LastSwiftUpdateCheck = 1000;
				LastUpgradeCheck = 1000;
				ORGANIZATIONNAME = "clarity for action";
				TargetAttributes = {
					212AD15021986AE200CA33E8 = {
						CreatedOnToolsVersion = 10.0;
					};
				};
			};
			buildConfigurationList = 212AD14C21986AE200CA33E8 /* Build configuration list for PBXProject "TableViewWithSections" */;
			compatibilityVersion = "Xcode 9.3";
			developmentRegion = en;
			hasScannedForEncodings = 0;
			knownRegions = (
				en,
				Base,
			);
			mainGroup = 212AD14821986AE200CA33E8;
			productRefGroup = 212AD15221986AE200CA33E8 /* Products */;
			projectDirPath = "";
			projectRoot = "";
			targets = (
				212AD15021986AE200CA33E8 /* TableViewWithSections */,
			);
		};
/* End PBXProject section */

/* Begin PBXResourcesBuildPhase section */
		212AD14F21986AE200CA33E8 /* Resources */ = {
			isa = PBXResourcesBuildPhase;
			buildActionMask = 2147483647;
			files = (
				212AD15F21986AE400CA33E8 /* LaunchScreen.storyboard in Resources */,
				212AD15C21986AE400CA33E8 /* Assets.xcassets in Resources */,
				212AD15A21986AE200CA33E8 /* Main.storyboard in Resources */,
				21E5B40B219882320082F851 /* HeaderView.xib in Resources */,
			);
			runOnlyForDeploymentPostprocessing = 0;
		};
/* End PBXResourcesBuildPhase section */

/* Begin PBXSourcesBuildPhase section */
		212AD14D21986AE200CA33E8 /* Sources */ = {
			isa = PBXSourcesBuildPhase;
			buildActionMask = 2147483647;
			files = (
				212AD15721986AE200CA33E8 /* ViewController.swift in Sources */,
				21E5B40A219882320082F851 /* HeaderView.swift in Sources */,
				212AD15521986AE200CA33E8 /* AppDelegate.swift in Sources */,
			);
			runOnlyForDeploymentPostprocessing = 0;
		};
/* End PBXSourcesBuildPhase section */

/* Begin PBXVariantGroup section */
		212AD15821986AE200CA33E8 /* Main.storyboard */ = {
			isa = PBXVariantGroup;
			children = (
				212AD15921986AE200CA33E8 /* Base */,
			);
			name = Main.storyboard;
			sourceTree = "<group>";
		};
		212AD15D21986AE400CA33E8 /* LaunchScreen.storyboard */ = {
			isa = PBXVariantGroup;
			children = (
				212AD15E21986AE400CA33E8 /* Base */,
			);
			name = LaunchScreen.storyboard;
			sourceTree = "<group>";
		};
/* End PBXVariantGroup section */

/* Begin XCBuildConfiguration section */
		212AD16121986AE400CA33E8 /* Debug */ = {
			isa = XCBuildConfiguration;
			buildSettings = {
				ALWAYS_SEARCH_USER_PATHS = NO;
				CLANG_ANALYZER_NONNULL = YES;
				CLANG_ANALYZER_NUMBER_OBJECT_CONVERSION = YES_AGGRESSIVE;
				CLANG_CXX_LANGUAGE_STANDARD = "gnu++14";
				CLANG_CXX_LIBRARY = "libc++";
				CLANG_ENABLE_MODULES = YES;
				CLANG_ENABLE_OBJC_ARC = YES;
				CLANG_ENABLE_OBJC_WEAK = YES;
				CLANG_WARN_BLOCK_CAPTURE_AUTORELEASING = YES;
				CLANG_WARN_BOOL_CONVERSION = YES;
				CLANG_WARN_COMMA = YES;
				CLANG_WARN_CONSTANT_CONVERSION = YES;
				CLANG_WARN_DEPRECATED_OBJC_IMPLEMENTATIONS = YES;
				CLANG_WARN_DIRECT_OBJC_ISA_USAGE = YES_ERROR;
				CLANG_WARN_DOCUMENTATION_COMMENTS = YES;
				CLANG_WARN_EMPTY_BODY = YES;
				CLANG_WARN_ENUM_CONVERSION = YES;
				CLANG_WARN_INFINITE_RECURSION = YES;
				CLANG_WARN_INT_CONVERSION = YES;
				CLANG_WARN_NON_LITERAL_NULL_CONVERSION = YES;
				CLANG_WARN_OBJC_IMPLICIT_RETAIN_SELF = YES;
				CLANG_WARN_OBJC_LITERAL_CONVERSION = YES;
				CLANG_WARN_OBJC_ROOT_CLASS = YES_ERROR;
				CLANG_WARN_RANGE_LOOP_ANALYSIS = YES;
				CLANG_WARN_STRICT_PROTOTYPES = YES;
				CLANG_WARN_SUSPICIOUS_MOVE = YES;
				CLANG_WARN_UNGUARDED_AVAILABILITY = YES_AGGRESSIVE;
				CLANG_WARN_UNREACHABLE_CODE = YES;
				CLANG_WARN__DUPLICATE_METHOD_MATCH = YES;
				CODE_SIGN_IDENTITY = "iPhone Developer";
				COPY_PHASE_STRIP = NO;
				DEBUG_INFORMATION_FORMAT = dwarf;
				ENABLE_STRICT_OBJC_MSGSEND = YES;
				ENABLE_TESTABILITY = YES;
				GCC_C_LANGUAGE_STANDARD = gnu11;
				GCC_DYNAMIC_NO_PIC = NO;
				GCC_NO_COMMON_BLOCKS = YES;
				GCC_OPTIMIZATION_LEVEL = 0;
				GCC_PREPROCESSOR_DEFINITIONS = (
					"DEBUG=1",
					"$(inherited)",
				);
				GCC_WARN_64_TO_32_BIT_CONVERSION = YES;
				GCC_WARN_ABOUT_RETURN_TYPE = YES_ERROR;
				GCC_WARN_UNDECLARED_SELECTOR = YES;
				GCC_WARN_UNINITIALIZED_AUTOS = YES_AGGRESSIVE;
				GCC_WARN_UNUSED_FUNCTION = YES;
				GCC_WARN_UNUSED_VARIABLE = YES;
				IPHONEOS_DEPLOYMENT_TARGET = 12.0;
				MTL_ENABLE_DEBUG_INFO = INCLUDE_SOURCE;
				MTL_FAST_MATH = YES;
				ONLY_ACTIVE_ARCH = YES;
				SDKROOT = iphoneos;
				SWIFT_ACTIVE_COMPILATION_CONDITIONS = DEBUG;
				SWIFT_OPTIMIZATION_LEVEL = "-Onone";
			};
			name = Debug;
		};
		212AD16221986AE400CA33E8 /* Release */ = {
			isa = XCBuildConfiguration;
			buildSettings = {
				ALWAYS_SEARCH_USER_PATHS = NO;
				CLANG_ANALYZER_NONNULL = YES;
				CLANG_ANALYZER_NUMBER_OBJECT_CONVERSION = YES_AGGRESSIVE;
				CLANG_CXX_LANGUAGE_STANDARD = "gnu++14";
				CLANG_CXX_LIBRARY = "libc++";
				CLANG_ENABLE_MODULES = YES;
				CLANG_ENABLE_OBJC_ARC = YES;
				CLANG_ENABLE_OBJC_WEAK = YES;
				CLANG_WARN_BLOCK_CAPTURE_AUTORELEASING = YES;
				CLANG_WARN_BOOL_CONVERSION = YES;
				CLANG_WARN_COMMA = YES;
				CLANG_WARN_CONSTANT_CONVERSION = YES;
				CLANG_WARN_DEPRECATED_OBJC_IMPLEMENTATIONS = YES;
				CLANG_WARN_DIRECT_OBJC_ISA_USAGE = YES_ERROR;
				CLANG_WARN_DOCUMENTATION_COMMENTS = YES;
				CLANG_WARN_EMPTY_BODY = YES;
				CLANG_WARN_ENUM_CONVERSION = YES;
				CLANG_WARN_INFINITE_RECURSION = YES;
				CLANG_WARN_INT_CONVERSION = YES;
				CLANG_WARN_NON_LITERAL_NULL_CONVERSION = YES;
				CLANG_WARN_OBJC_IMPLICIT_RETAIN_SELF = YES;
				CLANG_WARN_OBJC_LITERAL_CONVERSION = YES;
				CLANG_WARN_OBJC_ROOT_CLASS = YES_ERROR;
				CLANG_WARN_RANGE_LOOP_ANALYSIS = YES;
				CLANG_WARN_STRICT_PROTOTYPES = YES;
				CLANG_WARN_SUSPICIOUS_MOVE = YES;
				CLANG_WARN_UNGUARDED_AVAILABILITY = YES_AGGRESSIVE;
				CLANG_WARN_UNREACHABLE_CODE = YES;
				CLANG_WARN__DUPLICATE_METHOD_MATCH = YES;
				CODE_SIGN_IDENTITY = "iPhone Developer";
				COPY_PHASE_STRIP = NO;
				DEBUG_INFORMATION_FORMAT = "dwarf-with-dsym";
				ENABLE_NS_ASSERTIONS = NO;
				ENABLE_STRICT_OBJC_MSGSEND = YES;
				GCC_C_LANGUAGE_STANDARD = gnu11;
				GCC_NO_COMMON_BLOCKS = YES;
				GCC_WARN_64_TO_32_BIT_CONVERSION = YES;
				GCC_WARN_ABOUT_RETURN_TYPE = YES_ERROR;
				GCC_WARN_UNDECLARED_SELECTOR = YES;
				GCC_WARN_UNINITIALIZED_AUTOS = YES_AGGRESSIVE;
				GCC_WARN_UNUSED_FUNCTION = YES;
				GCC_WARN_UNUSED_VARIABLE = YES;
				IPHONEOS_DEPLOYMENT_TARGET = 12.0;
				MTL_ENABLE_DEBUG_INFO = NO;
				MTL_FAST_MATH = YES;
				SDKROOT = iphoneos;
				SWIFT_COMPILATION_MODE = wholemodule;
				SWIFT_OPTIMIZATION_LEVEL = "-O";
				VALIDATE_PRODUCT = YES;
			};
			name = Release;
		};
		212AD16421986AE400CA33E8 /* Debug */ = {
			isa = XCBuildConfiguration;
			buildSettings = {
				ASSETCATALOG_COMPILER_APPICON_NAME = AppIcon;
				CODE_SIGN_STYLE = Automatic;
				DEVELOPMENT_TEAM = 73REF5W5RY;
				INFOPLIST_FILE = TableViewWithSections/Info.plist;
				LD_RUNPATH_SEARCH_PATHS = (
					"$(inherited)",
					"@executable_path/Frameworks",
				);
				PRODUCT_BUNDLE_IDENTIFIER = com.clarityforaction.TableViewWithSections;
				PRODUCT_NAME = "$(TARGET_NAME)";
				SWIFT_VERSION = 4.2;
				TARGETED_DEVICE_FAMILY = "1,2";
			};
			name = Debug;
		};
		212AD16521986AE400CA33E8 /* Release */ = {
			isa = XCBuildConfiguration;
			buildSettings = {
				ASSETCATALOG_COMPILER_APPICON_NAME = AppIcon;
				CODE_SIGN_STYLE = Automatic;
				DEVELOPMENT_TEAM = 73REF5W5RY;
				INFOPLIST_FILE = TableViewWithSections/Info.plist;
				LD_RUNPATH_SEARCH_PATHS = (
					"$(inherited)",
					"@executable_path/Frameworks",
				);
				PRODUCT_BUNDLE_IDENTIFIER = com.clarityforaction.TableViewWithSections;
				PRODUCT_NAME = "$(TARGET_NAME)";
				SWIFT_VERSION = 4.2;
				TARGETED_DEVICE_FAMILY = "1,2";
			};
			name = Release;
		};
/* End XCBuildConfiguration section */

/* Begin XCConfigurationList section */
		212AD14C21986AE200CA33E8 /* Build configuration list for PBXProject "TableViewWithSections" */ = {
			isa = XCConfigurationList;
			buildConfigurations = (
				212AD16121986AE400CA33E8 /* Debug */,
				212AD16221986AE400CA33E8 /* Release */,
			);
			defaultConfigurationIsVisible = 0;
			defaultConfigurationName = Release;
		};
		212AD16321986AE400CA33E8 /* Build configuration list for PBXNativeTarget "TableViewWithSections" */ = {
			isa = XCConfigurationList;
			buildConfigurations = (
				212AD16421986AE400CA33E8 /* Debug */,
				212AD16521986AE400CA33E8 /* Release */,
			);
			defaultConfigurationIsVisible = 0;
			defaultConfigurationName = Release;
		};
/* End XCConfigurationList section */
	};
	rootObject = 212AD14921986AE200CA33E8 /* Project object */;
}
